
Microsoft Visual Studio Solution File, Format Version 12.00
# Visual Studio Version 16
VisualStudioVersion = 16.0.30309.148
MinimumVisualStudioVersion = 10.0.40219.1
Project("{2150E333-8FDC-42A3-9474-1A3956D46DE8}") = "W1", "W1", "{B652B79E-4CD3-45F0-A7F3-EB74D3A90C99}"
EndProject
Project("{2150E333-8FDC-42A3-9474-1A3956D46DE8}") = "PrograqmmingAssignments", "PrograqmmingAssignments", "{CFEF2A44-0A01-4897-9AB3-58594E56CDC5}"
EndProject
Project("{2150E333-8FDC-42A3-9474-1A3956D46DE8}") = "IntroToMacros", "IntroToMacros", "{C20178B8-F319-4C75-A12B-A3EFFAF7D3B1}"
EndProject
Project("{8BC9CEB8-8B4A-11D0-8D11-00A0C91BC942}") = "PA1_MaxElementByPredicate", "W1\ProgrammingAssignments\PA1_MaxElementByPredicate\PA1_MaxElementByPredicate.vcxproj", "{7F6DEF18-0241-4B5E-AD1C-73AAD294D4A7}"
EndProject
Project("{8BC9CEB8-8B4A-11D0-8D11-00A0C91BC942}") = "1_IntroToMacros", "W1\IntroToMacros\1_IntroToMacros\1_IntroToMacros.vcxproj", "{0D1E41BC-F3AE-4F20-A514-72176885DC32}"
EndProject
Project("{8BC9CEB8-8B4A-11D0-8D11-00A0C91BC942}") = "1_1_MacrosExample", "W1\IntroToMacros\1_1_MacrosExample\1_1_MacrosExample.vcxproj", "{2CC19AC6-A064-47E0-AC27-FDBD549CB80D}"
EndProject
Project("{8BC9CEB8-8B4A-11D0-8D11-00A0C91BC942}") = "2_OperatorSharp", "W1\IntroToMacros\2_OperatorSharp\2_OperatorSharp.vcxproj", "{30448B9D-97D7-447C-8FAA-3FF34B8A7468}"
EndProject
Project("{8BC9CEB8-8B4A-11D0-8D11-00A0C91BC942}") = "3_ __FILE__ And __LINE__ Macros", "W1\IntroToMacros\3_ __FILE__ And __LINE__ Macros\3_ __FILE__ And __LINE__ Macros.vcxproj", "{E60504A5-4DB3-441F-ACDB-439218C411FF}"
EndProject
Project("{8BC9CEB8-8B4A-11D0-8D11-00A0C91BC942}") = "4_DarkSideOfMacros", "W1\IntroToMacros\4_DarkSideOfMacros\4_DarkSideOfMacros.vcxproj", "{5BA8617C-1410-4DF5-AA9E-CC6B764D40F4}"
EndProject
Project("{8BC9CEB8-8B4A-11D0-8D11-00A0C91BC942}") = "PA3_GeneratorOfComparators", "W1\ProgrammingAssignments\PA3_GeneratorOfComparators\PA3_GeneratorOfComparators.vcxproj", "{E454A901-D9D3-49D3-AFD3-3CE74966377D}"
EndProject
Project("{8BC9CEB8-8B4A-11D0-8D11-00A0C91BC942}") = "PA2_LogMacro", "W1\ProgrammingAssignments\PA2_LogMacro\PA2_LogMacro.vcxproj", "{F4F2ADDA-FFFE-4EFA-9C79-776B68E63F4B}"
EndProject
Project("{8BC9CEB8-8B4A-11D0-8D11-00A0C91BC942}") = "PA4_UpdateFieldMacro", "W1\ProgrammingAssignments\PA4_UpdateFieldMacro\PA4_UpdateFieldMacro.vcxproj", "{B4CF616A-D65C-4E48-8117-1CA6B78E3412}"
EndProject
Project("{8BC9CEB8-8B4A-11D0-8D11-00A0C91BC942}") = "PA5_BadMacro", "W1\ProgrammingAssignments\PA5_BadMacro\PA5_BadMacro.vcxproj", "{78D268B0-EECB-4B7B-916A-F25CEDCB25DD}"
EndProject
Project("{2150E333-8FDC-42A3-9474-1A3956D46DE8}") = "W3", "W3", "{F75A5C99-9475-4B3D-967A-C6EE7B5F951B}"
EndProject
Project("{2150E333-8FDC-42A3-9474-1A3956D46DE8}") = "ProgrammingAssignments", "ProgrammingAssignments", "{868455C8-D1AD-4F7E-AC47-1E5EC40F901B}"
EndProject
Project("{2150E333-8FDC-42A3-9474-1A3956D46DE8}") = "MemoryModel", "MemoryModel", "{AB82EAFF-72EF-4C50-A9CE-063E41C72C67}"
EndProject
Project("{8BC9CEB8-8B4A-11D0-8D11-00A0C91BC942}") = "1_Operator_new", "W3\MemoryModel\1_Operator_new\1_Operator_new.vcxproj", "{BA141906-DF33-4621-A6FD-0B48DC076472}"
EndProject
Project("{8BC9CEB8-8B4A-11D0-8D11-00A0C91BC942}") = "2_Operator_delete", "W3\MemoryModel\2_Operator_delete\2_Operator_delete.vcxproj", "{2D8245DF-6E9C-4DFE-B40E-BB6919B1CEF0}"
EndProject
Project("{8BC9CEB8-8B4A-11D0-8D11-00A0C91BC942}") = "3_new_And_delete_ForClassObjects", "W3\MemoryModel\3_new_And_delete_ForClassObjects\3_new_And_delete_ForClassObjects.vcxproj", "{F808A323-0A22-4285-A644-FF60D4ED05FC}"
EndProject
Project("{8BC9CEB8-8B4A-11D0-8D11-00A0C91BC942}") = "4_Operators_new[]_And_delete[]", "W3\MemoryModel\4_Operators_new[]_And_delete[]\4_Operators_new[]_And_delete[].vcxproj", "{05F313A2-5FED-440C-B950-269A52F3C943}"
EndProject
Project("{8BC9CEB8-8B4A-11D0-8D11-00A0C91BC942}") = "PA1_ObkectsPool", "W3\ProgrammingAssignments\PA1_ObkectsPool\PA1_ObkectsPool.vcxproj", "{1C54C816-E47B-4C2E-8398-A289F5D51CA4}"
EndProject
Project("{8BC9CEB8-8B4A-11D0-8D11-00A0C91BC942}") = "5_PointersAriphmetic", "W3\MemoryModel\5_PointersAriphmetic\5_PointersAriphmetic.vcxproj", "{6D3D915D-E9C3-41A6-8266-AB88E7A329AB}"
EndProject
Project("{8BC9CEB8-8B4A-11D0-8D11-00A0C91BC942}") = "6_Adding_begin_And_end_ToVector", "W3\MemoryModel\6_Adding_begin_And_end_ToVector\6_Adding_begin_And_end_ToVector.vcxproj", "{E8EBCBEE-1EC1-4A44-94DB-5FB14A4A954A}"
EndProject
Project("{8BC9CEB8-8B4A-11D0-8D11-00A0C91BC942}") = "7_BeginAndEnd_Part2", "W3\MemoryModel\7_BeginAndEnd_Part2\7_BeginAndEnd_Part2.vcxproj", "{5A5D1BBE-0F10-4FA2-A12F-D78684C9130F}"
EndProject
Project("{8BC9CEB8-8B4A-11D0-8D11-00A0C91BC942}") = "PA2_SwapSortPointersReversedCopy", "W3\ProgrammingAssignments\PA2_SwapSortPointersReversedCopy\PA2_SwapSortPointersReversedCopy.vcxproj", "{3B61A101-C8B0-4CCF-A383-CCF0F9AF11B6}"
EndProject
Project("{8BC9CEB8-8B4A-11D0-8D11-00A0C91BC942}") = "PA3_ImplementingHandmadeVector", "W3\ProgrammingAssignments\PA3_ImplementingHandmadeVector\PA3_ImplementingHandmadeVector.vcxproj", "{A3B62769-4525-4AE2-BC72-6EE000C8F79C}"
EndProject
Project("{8BC9CEB8-8B4A-11D0-8D11-00A0C91BC942}") = "PA4_SinglyLinkedList", "W3\ProgrammingAssignments\PA4_SinglyLinkedList\PA4_SinglyLinkedList.vcxproj", "{55CAED7F-FD93-431E-BBCA-AA658661EE82}"
EndProject
Global
	GlobalSection(SolutionConfigurationPlatforms) = preSolution
		Debug|x64 = Debug|x64
		Debug|x86 = Debug|x86
		Release|x64 = Release|x64
		Release|x86 = Release|x86
	EndGlobalSection
	GlobalSection(ProjectConfigurationPlatforms) = postSolution
		{7F6DEF18-0241-4B5E-AD1C-73AAD294D4A7}.Debug|x64.ActiveCfg = Debug|x64
		{7F6DEF18-0241-4B5E-AD1C-73AAD294D4A7}.Debug|x64.Build.0 = Debug|x64
		{7F6DEF18-0241-4B5E-AD1C-73AAD294D4A7}.Debug|x86.ActiveCfg = Debug|Win32
		{7F6DEF18-0241-4B5E-AD1C-73AAD294D4A7}.Debug|x86.Build.0 = Debug|Win32
		{7F6DEF18-0241-4B5E-AD1C-73AAD294D4A7}.Release|x64.ActiveCfg = Release|x64
		{7F6DEF18-0241-4B5E-AD1C-73AAD294D4A7}.Release|x64.Build.0 = Release|x64
		{7F6DEF18-0241-4B5E-AD1C-73AAD294D4A7}.Release|x86.ActiveCfg = Release|Win32
		{7F6DEF18-0241-4B5E-AD1C-73AAD294D4A7}.Release|x86.Build.0 = Release|Win32
		{0D1E41BC-F3AE-4F20-A514-72176885DC32}.Debug|x64.ActiveCfg = Debug|x64
		{0D1E41BC-F3AE-4F20-A514-72176885DC32}.Debug|x64.Build.0 = Debug|x64
		{0D1E41BC-F3AE-4F20-A514-72176885DC32}.Debug|x86.ActiveCfg = Debug|Win32
		{0D1E41BC-F3AE-4F20-A514-72176885DC32}.Debug|x86.Build.0 = Debug|Win32
		{0D1E41BC-F3AE-4F20-A514-72176885DC32}.Release|x64.ActiveCfg = Release|x64
		{0D1E41BC-F3AE-4F20-A514-72176885DC32}.Release|x64.Build.0 = Release|x64
		{0D1E41BC-F3AE-4F20-A514-72176885DC32}.Release|x86.ActiveCfg = Release|Win32
		{0D1E41BC-F3AE-4F20-A514-72176885DC32}.Release|x86.Build.0 = Release|Win32
		{2CC19AC6-A064-47E0-AC27-FDBD549CB80D}.Debug|x64.ActiveCfg = Debug|x64
		{2CC19AC6-A064-47E0-AC27-FDBD549CB80D}.Debug|x64.Build.0 = Debug|x64
		{2CC19AC6-A064-47E0-AC27-FDBD549CB80D}.Debug|x86.ActiveCfg = Debug|Win32
		{2CC19AC6-A064-47E0-AC27-FDBD549CB80D}.Debug|x86.Build.0 = Debug|Win32
		{2CC19AC6-A064-47E0-AC27-FDBD549CB80D}.Release|x64.ActiveCfg = Release|x64
		{2CC19AC6-A064-47E0-AC27-FDBD549CB80D}.Release|x64.Build.0 = Release|x64
		{2CC19AC6-A064-47E0-AC27-FDBD549CB80D}.Release|x86.ActiveCfg = Release|Win32
		{2CC19AC6-A064-47E0-AC27-FDBD549CB80D}.Release|x86.Build.0 = Release|Win32
		{30448B9D-97D7-447C-8FAA-3FF34B8A7468}.Debug|x64.ActiveCfg = Debug|x64
		{30448B9D-97D7-447C-8FAA-3FF34B8A7468}.Debug|x64.Build.0 = Debug|x64
		{30448B9D-97D7-447C-8FAA-3FF34B8A7468}.Debug|x86.ActiveCfg = Debug|Win32
		{30448B9D-97D7-447C-8FAA-3FF34B8A7468}.Debug|x86.Build.0 = Debug|Win32
		{30448B9D-97D7-447C-8FAA-3FF34B8A7468}.Release|x64.ActiveCfg = Release|x64
		{30448B9D-97D7-447C-8FAA-3FF34B8A7468}.Release|x64.Build.0 = Release|x64
		{30448B9D-97D7-447C-8FAA-3FF34B8A7468}.Release|x86.ActiveCfg = Release|Win32
		{30448B9D-97D7-447C-8FAA-3FF34B8A7468}.Release|x86.Build.0 = Release|Win32
		{E60504A5-4DB3-441F-ACDB-439218C411FF}.Debug|x64.ActiveCfg = Debug|x64
		{E60504A5-4DB3-441F-ACDB-439218C411FF}.Debug|x64.Build.0 = Debug|x64
		{E60504A5-4DB3-441F-ACDB-439218C411FF}.Debug|x86.ActiveCfg = Debug|Win32
		{E60504A5-4DB3-441F-ACDB-439218C411FF}.Debug|x86.Build.0 = Debug|Win32
		{E60504A5-4DB3-441F-ACDB-439218C411FF}.Release|x64.ActiveCfg = Release|x64
		{E60504A5-4DB3-441F-ACDB-439218C411FF}.Release|x64.Build.0 = Release|x64
		{E60504A5-4DB3-441F-ACDB-439218C411FF}.Release|x86.ActiveCfg = Release|Win32
		{E60504A5-4DB3-441F-ACDB-439218C411FF}.Release|x86.Build.0 = Release|Win32
		{5BA8617C-1410-4DF5-AA9E-CC6B764D40F4}.Debug|x64.ActiveCfg = Debug|x64
		{5BA8617C-1410-4DF5-AA9E-CC6B764D40F4}.Debug|x64.Build.0 = Debug|x64
		{5BA8617C-1410-4DF5-AA9E-CC6B764D40F4}.Debug|x86.ActiveCfg = Debug|Win32
		{5BA8617C-1410-4DF5-AA9E-CC6B764D40F4}.Debug|x86.Build.0 = Debug|Win32
		{5BA8617C-1410-4DF5-AA9E-CC6B764D40F4}.Release|x64.ActiveCfg = Release|x64
		{5BA8617C-1410-4DF5-AA9E-CC6B764D40F4}.Release|x64.Build.0 = Release|x64
		{5BA8617C-1410-4DF5-AA9E-CC6B764D40F4}.Release|x86.ActiveCfg = Release|Win32
		{5BA8617C-1410-4DF5-AA9E-CC6B764D40F4}.Release|x86.Build.0 = Release|Win32
		{E454A901-D9D3-49D3-AFD3-3CE74966377D}.Debug|x64.ActiveCfg = Debug|x64
		{E454A901-D9D3-49D3-AFD3-3CE74966377D}.Debug|x64.Build.0 = Debug|x64
		{E454A901-D9D3-49D3-AFD3-3CE74966377D}.Debug|x86.ActiveCfg = Debug|Win32
		{E454A901-D9D3-49D3-AFD3-3CE74966377D}.Debug|x86.Build.0 = Debug|Win32
		{E454A901-D9D3-49D3-AFD3-3CE74966377D}.Release|x64.ActiveCfg = Release|x64
		{E454A901-D9D3-49D3-AFD3-3CE74966377D}.Release|x64.Build.0 = Release|x64
		{E454A901-D9D3-49D3-AFD3-3CE74966377D}.Release|x86.ActiveCfg = Release|Win32
		{E454A901-D9D3-49D3-AFD3-3CE74966377D}.Release|x86.Build.0 = Release|Win32
		{F4F2ADDA-FFFE-4EFA-9C79-776B68E63F4B}.Debug|x64.ActiveCfg = Debug|x64
		{F4F2ADDA-FFFE-4EFA-9C79-776B68E63F4B}.Debug|x64.Build.0 = Debug|x64
		{F4F2ADDA-FFFE-4EFA-9C79-776B68E63F4B}.Debug|x86.ActiveCfg = Debug|Win32
		{F4F2ADDA-FFFE-4EFA-9C79-776B68E63F4B}.Debug|x86.Build.0 = Debug|Win32
		{F4F2ADDA-FFFE-4EFA-9C79-776B68E63F4B}.Release|x64.ActiveCfg = Release|x64
		{F4F2ADDA-FFFE-4EFA-9C79-776B68E63F4B}.Release|x64.Build.0 = Release|x64
		{F4F2ADDA-FFFE-4EFA-9C79-776B68E63F4B}.Release|x86.ActiveCfg = Release|Win32
		{F4F2ADDA-FFFE-4EFA-9C79-776B68E63F4B}.Release|x86.Build.0 = Release|Win32
		{B4CF616A-D65C-4E48-8117-1CA6B78E3412}.Debug|x64.ActiveCfg = Debug|x64
		{B4CF616A-D65C-4E48-8117-1CA6B78E3412}.Debug|x64.Build.0 = Debug|x64
		{B4CF616A-D65C-4E48-8117-1CA6B78E3412}.Debug|x86.ActiveCfg = Debug|Win32
		{B4CF616A-D65C-4E48-8117-1CA6B78E3412}.Debug|x86.Build.0 = Debug|Win32
		{B4CF616A-D65C-4E48-8117-1CA6B78E3412}.Release|x64.ActiveCfg = Release|x64
		{B4CF616A-D65C-4E48-8117-1CA6B78E3412}.Release|x64.Build.0 = Release|x64
		{B4CF616A-D65C-4E48-8117-1CA6B78E3412}.Release|x86.ActiveCfg = Release|Win32
		{B4CF616A-D65C-4E48-8117-1CA6B78E3412}.Release|x86.Build.0 = Release|Win32
		{78D268B0-EECB-4B7B-916A-F25CEDCB25DD}.Debug|x64.ActiveCfg = Debug|x64
		{78D268B0-EECB-4B7B-916A-F25CEDCB25DD}.Debug|x64.Build.0 = Debug|x64
		{78D268B0-EECB-4B7B-916A-F25CEDCB25DD}.Debug|x86.ActiveCfg = Debug|Win32
		{78D268B0-EECB-4B7B-916A-F25CEDCB25DD}.Debug|x86.Build.0 = Debug|Win32
		{78D268B0-EECB-4B7B-916A-F25CEDCB25DD}.Release|x64.ActiveCfg = Release|x64
		{78D268B0-EECB-4B7B-916A-F25CEDCB25DD}.Release|x64.Build.0 = Release|x64
		{78D268B0-EECB-4B7B-916A-F25CEDCB25DD}.Release|x86.ActiveCfg = Release|Win32
		{78D268B0-EECB-4B7B-916A-F25CEDCB25DD}.Release|x86.Build.0 = Release|Win32
		{BA141906-DF33-4621-A6FD-0B48DC076472}.Debug|x64.ActiveCfg = Debug|x64
		{BA141906-DF33-4621-A6FD-0B48DC076472}.Debug|x64.Build.0 = Debug|x64
		{BA141906-DF33-4621-A6FD-0B48DC076472}.Debug|x86.ActiveCfg = Debug|Win32
		{BA141906-DF33-4621-A6FD-0B48DC076472}.Debug|x86.Build.0 = Debug|Win32
		{BA141906-DF33-4621-A6FD-0B48DC076472}.Release|x64.ActiveCfg = Release|x64
		{BA141906-DF33-4621-A6FD-0B48DC076472}.Release|x64.Build.0 = Release|x64
		{BA141906-DF33-4621-A6FD-0B48DC076472}.Release|x86.ActiveCfg = Release|Win32
		{BA141906-DF33-4621-A6FD-0B48DC076472}.Release|x86.Build.0 = Release|Win32
		{2D8245DF-6E9C-4DFE-B40E-BB6919B1CEF0}.Debug|x64.ActiveCfg = Debug|x64
		{2D8245DF-6E9C-4DFE-B40E-BB6919B1CEF0}.Debug|x64.Build.0 = Debug|x64
		{2D8245DF-6E9C-4DFE-B40E-BB6919B1CEF0}.Debug|x86.ActiveCfg = Debug|Win32
		{2D8245DF-6E9C-4DFE-B40E-BB6919B1CEF0}.Debug|x86.Build.0 = Debug|Win32
		{2D8245DF-6E9C-4DFE-B40E-BB6919B1CEF0}.Release|x64.ActiveCfg = Release|x64
		{2D8245DF-6E9C-4DFE-B40E-BB6919B1CEF0}.Release|x64.Build.0 = Release|x64
		{2D8245DF-6E9C-4DFE-B40E-BB6919B1CEF0}.Release|x86.ActiveCfg = Release|Win32
		{2D8245DF-6E9C-4DFE-B40E-BB6919B1CEF0}.Release|x86.Build.0 = Release|Win32
		{F808A323-0A22-4285-A644-FF60D4ED05FC}.Debug|x64.ActiveCfg = Debug|x64
		{F808A323-0A22-4285-A644-FF60D4ED05FC}.Debug|x64.Build.0 = Debug|x64
		{F808A323-0A22-4285-A644-FF60D4ED05FC}.Debug|x86.ActiveCfg = Debug|Win32
		{F808A323-0A22-4285-A644-FF60D4ED05FC}.Debug|x86.Build.0 = Debug|Win32
		{F808A323-0A22-4285-A644-FF60D4ED05FC}.Release|x64.ActiveCfg = Release|x64
		{F808A323-0A22-4285-A644-FF60D4ED05FC}.Release|x64.Build.0 = Release|x64
		{F808A323-0A22-4285-A644-FF60D4ED05FC}.Release|x86.ActiveCfg = Release|Win32
		{F808A323-0A22-4285-A644-FF60D4ED05FC}.Release|x86.Build.0 = Release|Win32
		{05F313A2-5FED-440C-B950-269A52F3C943}.Debug|x64.ActiveCfg = Debug|x64
		{05F313A2-5FED-440C-B950-269A52F3C943}.Debug|x64.Build.0 = Debug|x64
		{05F313A2-5FED-440C-B950-269A52F3C943}.Debug|x86.ActiveCfg = Debug|Win32
		{05F313A2-5FED-440C-B950-269A52F3C943}.Debug|x86.Build.0 = Debug|Win32
		{05F313A2-5FED-440C-B950-269A52F3C943}.Release|x64.ActiveCfg = Release|x64
		{05F313A2-5FED-440C-B950-269A52F3C943}.Release|x64.Build.0 = Release|x64
		{05F313A2-5FED-440C-B950-269A52F3C943}.Release|x86.ActiveCfg = Release|Win32
		{05F313A2-5FED-440C-B950-269A52F3C943}.Release|x86.Build.0 = Release|Win32
		{1C54C816-E47B-4C2E-8398-A289F5D51CA4}.Debug|x64.ActiveCfg = Debug|x64
		{1C54C816-E47B-4C2E-8398-A289F5D51CA4}.Debug|x64.Build.0 = Debug|x64
		{1C54C816-E47B-4C2E-8398-A289F5D51CA4}.Debug|x86.ActiveCfg = Debug|Win32
		{1C54C816-E47B-4C2E-8398-A289F5D51CA4}.Debug|x86.Build.0 = Debug|Win32
		{1C54C816-E47B-4C2E-8398-A289F5D51CA4}.Release|x64.ActiveCfg = Release|x64
		{1C54C816-E47B-4C2E-8398-A289F5D51CA4}.Release|x64.Build.0 = Release|x64
		{1C54C816-E47B-4C2E-8398-A289F5D51CA4}.Release|x86.ActiveCfg = Release|Win32
		{1C54C816-E47B-4C2E-8398-A289F5D51CA4}.Release|x86.Build.0 = Release|Win32
		{6D3D915D-E9C3-41A6-8266-AB88E7A329AB}.Debug|x64.ActiveCfg = Debug|x64
		{6D3D915D-E9C3-41A6-8266-AB88E7A329AB}.Debug|x64.Build.0 = Debug|x64
		{6D3D915D-E9C3-41A6-8266-AB88E7A329AB}.Debug|x86.ActiveCfg = Debug|Win32
		{6D3D915D-E9C3-41A6-8266-AB88E7A329AB}.Debug|x86.Build.0 = Debug|Win32
		{6D3D915D-E9C3-41A6-8266-AB88E7A329AB}.Release|x64.ActiveCfg = Release|x64
		{6D3D915D-E9C3-41A6-8266-AB88E7A329AB}.Release|x64.Build.0 = Release|x64
		{6D3D915D-E9C3-41A6-8266-AB88E7A329AB}.Release|x86.ActiveCfg = Release|Win32
		{6D3D915D-E9C3-41A6-8266-AB88E7A329AB}.Release|x86.Build.0 = Release|Win32
		{E8EBCBEE-1EC1-4A44-94DB-5FB14A4A954A}.Debug|x64.ActiveCfg = Debug|x64
		{E8EBCBEE-1EC1-4A44-94DB-5FB14A4A954A}.Debug|x64.Build.0 = Debug|x64
		{E8EBCBEE-1EC1-4A44-94DB-5FB14A4A954A}.Debug|x86.ActiveCfg = Debug|Win32
		{E8EBCBEE-1EC1-4A44-94DB-5FB14A4A954A}.Debug|x86.Build.0 = Debug|Win32
		{E8EBCBEE-1EC1-4A44-94DB-5FB14A4A954A}.Release|x64.ActiveCfg = Release|x64
		{E8EBCBEE-1EC1-4A44-94DB-5FB14A4A954A}.Release|x64.Build.0 = Release|x64
		{E8EBCBEE-1EC1-4A44-94DB-5FB14A4A954A}.Release|x86.ActiveCfg = Release|Win32
		{E8EBCBEE-1EC1-4A44-94DB-5FB14A4A954A}.Release|x86.Build.0 = Release|Win32
		{5A5D1BBE-0F10-4FA2-A12F-D78684C9130F}.Debug|x64.ActiveCfg = Debug|x64
		{5A5D1BBE-0F10-4FA2-A12F-D78684C9130F}.Debug|x64.Build.0 = Debug|x64
		{5A5D1BBE-0F10-4FA2-A12F-D78684C9130F}.Debug|x86.ActiveCfg = Debug|Win32
		{5A5D1BBE-0F10-4FA2-A12F-D78684C9130F}.Debug|x86.Build.0 = Debug|Win32
		{5A5D1BBE-0F10-4FA2-A12F-D78684C9130F}.Release|x64.ActiveCfg = Release|x64
		{5A5D1BBE-0F10-4FA2-A12F-D78684C9130F}.Release|x64.Build.0 = Release|x64
		{5A5D1BBE-0F10-4FA2-A12F-D78684C9130F}.Release|x86.ActiveCfg = Release|Win32
		{5A5D1BBE-0F10-4FA2-A12F-D78684C9130F}.Release|x86.Build.0 = Release|Win32
		{3B61A101-C8B0-4CCF-A383-CCF0F9AF11B6}.Debug|x64.ActiveCfg = Debug|x64
		{3B61A101-C8B0-4CCF-A383-CCF0F9AF11B6}.Debug|x64.Build.0 = Debug|x64
		{3B61A101-C8B0-4CCF-A383-CCF0F9AF11B6}.Debug|x86.ActiveCfg = Debug|Win32
		{3B61A101-C8B0-4CCF-A383-CCF0F9AF11B6}.Debug|x86.Build.0 = Debug|Win32
		{3B61A101-C8B0-4CCF-A383-CCF0F9AF11B6}.Release|x64.ActiveCfg = Release|x64
		{3B61A101-C8B0-4CCF-A383-CCF0F9AF11B6}.Release|x64.Build.0 = Release|x64
		{3B61A101-C8B0-4CCF-A383-CCF0F9AF11B6}.Release|x86.ActiveCfg = Release|Win32
		{3B61A101-C8B0-4CCF-A383-CCF0F9AF11B6}.Release|x86.Build.0 = Release|Win32
		{A3B62769-4525-4AE2-BC72-6EE000C8F79C}.Debug|x64.ActiveCfg = Debug|x64
		{A3B62769-4525-4AE2-BC72-6EE000C8F79C}.Debug|x64.Build.0 = Debug|x64
		{A3B62769-4525-4AE2-BC72-6EE000C8F79C}.Debug|x86.ActiveCfg = Debug|Win32
		{A3B62769-4525-4AE2-BC72-6EE000C8F79C}.Debug|x86.Build.0 = Debug|Win32
		{A3B62769-4525-4AE2-BC72-6EE000C8F79C}.Release|x64.ActiveCfg = Release|x64
		{A3B62769-4525-4AE2-BC72-6EE000C8F79C}.Release|x64.Build.0 = Release|x64
		{A3B62769-4525-4AE2-BC72-6EE000C8F79C}.Release|x86.ActiveCfg = Release|Win32
		{A3B62769-4525-4AE2-BC72-6EE000C8F79C}.Release|x86.Build.0 = Release|Win32
		{55CAED7F-FD93-431E-BBCA-AA658661EE82}.Debug|x64.ActiveCfg = Debug|x64
		{55CAED7F-FD93-431E-BBCA-AA658661EE82}.Debug|x64.Build.0 = Debug|x64
		{55CAED7F-FD93-431E-BBCA-AA658661EE82}.Debug|x86.ActiveCfg = Debug|Win32
		{55CAED7F-FD93-431E-BBCA-AA658661EE82}.Debug|x86.Build.0 = Debug|Win32
		{55CAED7F-FD93-431E-BBCA-AA658661EE82}.Release|x64.ActiveCfg = Release|x64
		{55CAED7F-FD93-431E-BBCA-AA658661EE82}.Release|x64.Build.0 = Release|x64
		{55CAED7F-FD93-431E-BBCA-AA658661EE82}.Release|x86.ActiveCfg = Release|Win32
		{55CAED7F-FD93-431E-BBCA-AA658661EE82}.Release|x86.Build.0 = Release|Win32
	EndGlobalSection
	GlobalSection(SolutionProperties) = preSolution
		HideSolutionNode = FALSE
	EndGlobalSection
	GlobalSection(NestedProjects) = preSolution
		{CFEF2A44-0A01-4897-9AB3-58594E56CDC5} = {B652B79E-4CD3-45F0-A7F3-EB74D3A90C99}
		{C20178B8-F319-4C75-A12B-A3EFFAF7D3B1} = {B652B79E-4CD3-45F0-A7F3-EB74D3A90C99}
		{7F6DEF18-0241-4B5E-AD1C-73AAD294D4A7} = {CFEF2A44-0A01-4897-9AB3-58594E56CDC5}
		{0D1E41BC-F3AE-4F20-A514-72176885DC32} = {C20178B8-F319-4C75-A12B-A3EFFAF7D3B1}
		{2CC19AC6-A064-47E0-AC27-FDBD549CB80D} = {C20178B8-F319-4C75-A12B-A3EFFAF7D3B1}
		{30448B9D-97D7-447C-8FAA-3FF34B8A7468} = {C20178B8-F319-4C75-A12B-A3EFFAF7D3B1}
		{E60504A5-4DB3-441F-ACDB-439218C411FF} = {C20178B8-F319-4C75-A12B-A3EFFAF7D3B1}
		{5BA8617C-1410-4DF5-AA9E-CC6B764D40F4} = {C20178B8-F319-4C75-A12B-A3EFFAF7D3B1}
		{E454A901-D9D3-49D3-AFD3-3CE74966377D} = {CFEF2A44-0A01-4897-9AB3-58594E56CDC5}
		{F4F2ADDA-FFFE-4EFA-9C79-776B68E63F4B} = {CFEF2A44-0A01-4897-9AB3-58594E56CDC5}
		{B4CF616A-D65C-4E48-8117-1CA6B78E3412} = {CFEF2A44-0A01-4897-9AB3-58594E56CDC5}
		{78D268B0-EECB-4B7B-916A-F25CEDCB25DD} = {CFEF2A44-0A01-4897-9AB3-58594E56CDC5}
		{868455C8-D1AD-4F7E-AC47-1E5EC40F901B} = {F75A5C99-9475-4B3D-967A-C6EE7B5F951B}
		{AB82EAFF-72EF-4C50-A9CE-063E41C72C67} = {F75A5C99-9475-4B3D-967A-C6EE7B5F951B}
		{BA141906-DF33-4621-A6FD-0B48DC076472} = {AB82EAFF-72EF-4C50-A9CE-063E41C72C67}
		{2D8245DF-6E9C-4DFE-B40E-BB6919B1CEF0} = {AB82EAFF-72EF-4C50-A9CE-063E41C72C67}
		{F808A323-0A22-4285-A644-FF60D4ED05FC} = {AB82EAFF-72EF-4C50-A9CE-063E41C72C67}
		{05F313A2-5FED-440C-B950-269A52F3C943} = {AB82EAFF-72EF-4C50-A9CE-063E41C72C67}
		{1C54C816-E47B-4C2E-8398-A289F5D51CA4} = {868455C8-D1AD-4F7E-AC47-1E5EC40F901B}
		{6D3D915D-E9C3-41A6-8266-AB88E7A329AB} = {AB82EAFF-72EF-4C50-A9CE-063E41C72C67}
		{E8EBCBEE-1EC1-4A44-94DB-5FB14A4A954A} = {AB82EAFF-72EF-4C50-A9CE-063E41C72C67}
		{5A5D1BBE-0F10-4FA2-A12F-D78684C9130F} = {AB82EAFF-72EF-4C50-A9CE-063E41C72C67}
		{3B61A101-C8B0-4CCF-A383-CCF0F9AF11B6} = {868455C8-D1AD-4F7E-AC47-1E5EC40F901B}
		{A3B62769-4525-4AE2-BC72-6EE000C8F79C} = {868455C8-D1AD-4F7E-AC47-1E5EC40F901B}
		{55CAED7F-FD93-431E-BBCA-AA658661EE82} = {868455C8-D1AD-4F7E-AC47-1E5EC40F901B}
	EndGlobalSection
	GlobalSection(ExtensibilityGlobals) = postSolution
		SolutionGuid = {C1C6BF80-BC1E-4467-9538-A5EE25014C68}
	EndGlobalSection
EndGlobal
